
Microsoft Visual Studio Solution File, Format Version 12.00
# Visual Studio 2013
VisualStudioVersion = 12.0.31101.0
MinimumVisualStudioVersion = 10.0.40219.1
Project("{FAE04EC0-301F-11D3-BF4B-00C04F79EFBC}") = "MapXamarinForm", "MapXamarinForm\MapXamarinForm\MapXamarinForm.csproj", "{B2791E21-560C-4EF3-8E1E-AE2E825AACF5}"
EndProject
Project("{FAE04EC0-301F-11D3-BF4B-00C04F79EFBC}") = "MapXamarinForm.WinPhone", "MapXamarinForm\MapXamarinForm.WinPhone\MapXamarinForm.WinPhone.csproj", "{CF3D7B68-F18A-49F5-90F2-94E3DC024808}"
EndProject
Project("{FAE04EC0-301F-11D3-BF4B-00C04F79EFBC}") = "WcfServiceDb", "WcfServiceDb\WcfServiceDb.csproj", "{746A8FAA-4823-4DB2-811A-0B30CDEBFFBD}"
EndProject
Global
	GlobalSection(SolutionConfigurationPlatforms) = preSolution
		Ad-Hoc|Any CPU = Ad-Hoc|Any CPU
		Ad-Hoc|ARM = Ad-Hoc|ARM
		Ad-Hoc|iPhone = Ad-Hoc|iPhone
		Ad-Hoc|iPhoneSimulator = Ad-Hoc|iPhoneSimulator
		Ad-Hoc|Mixed Platforms = Ad-Hoc|Mixed Platforms
		Ad-Hoc|x86 = Ad-Hoc|x86
		AppStore|Any CPU = AppStore|Any CPU
		AppStore|ARM = AppStore|ARM
		AppStore|iPhone = AppStore|iPhone
		AppStore|iPhoneSimulator = AppStore|iPhoneSimulator
		AppStore|Mixed Platforms = AppStore|Mixed Platforms
		AppStore|x86 = AppStore|x86
		Debug|Any CPU = Debug|Any CPU
		Debug|ARM = Debug|ARM
		Debug|iPhone = Debug|iPhone
		Debug|iPhoneSimulator = Debug|iPhoneSimulator
		Debug|Mixed Platforms = Debug|Mixed Platforms
		Debug|x86 = Debug|x86
		Release|Any CPU = Release|Any CPU
		Release|ARM = Release|ARM
		Release|iPhone = Release|iPhone
		Release|iPhoneSimulator = Release|iPhoneSimulator
		Release|Mixed Platforms = Release|Mixed Platforms
		Release|x86 = Release|x86
	EndGlobalSection
	GlobalSection(ProjectConfigurationPlatforms) = postSolution
		{B2791E21-560C-4EF3-8E1E-AE2E825AACF5}.Ad-Hoc|Any CPU.ActiveCfg = Release|Any CPU
		{B2791E21-560C-4EF3-8E1E-AE2E825AACF5}.Ad-Hoc|Any CPU.Build.0 = Release|Any CPU
		{B2791E21-560C-4EF3-8E1E-AE2E825AACF5}.Ad-Hoc|ARM.ActiveCfg = Release|Any CPU
		{B2791E21-560C-4EF3-8E1E-AE2E825AACF5}.Ad-Hoc|iPhone.ActiveCfg = Release|Any CPU
		{B2791E21-560C-4EF3-8E1E-AE2E825AACF5}.Ad-Hoc|iPhoneSimulator.ActiveCfg = Release|Any CPU
		{B2791E21-560C-4EF3-8E1E-AE2E825AACF5}.Ad-Hoc|Mixed Platforms.ActiveCfg = Release|Any CPU
		{B2791E21-560C-4EF3-8E1E-AE2E825AACF5}.Ad-Hoc|Mixed Platforms.Build.0 = Release|Any CPU
		{B2791E21-560C-4EF3-8E1E-AE2E825AACF5}.Ad-Hoc|x86.ActiveCfg = Release|Any CPU
		{B2791E21-560C-4EF3-8E1E-AE2E825AACF5}.AppStore|Any CPU.ActiveCfg = Release|Any CPU
		{B2791E21-560C-4EF3-8E1E-AE2E825AACF5}.AppStore|Any CPU.Build.0 = Release|Any CPU
		{B2791E21-560C-4EF3-8E1E-AE2E825AACF5}.AppStore|ARM.ActiveCfg = Release|Any CPU
		{B2791E21-560C-4EF3-8E1E-AE2E825AACF5}.AppStore|iPhone.ActiveCfg = Release|Any CPU
		{B2791E21-560C-4EF3-8E1E-AE2E825AACF5}.AppStore|iPhoneSimulator.ActiveCfg = Release|Any CPU
		{B2791E21-560C-4EF3-8E1E-AE2E825AACF5}.AppStore|Mixed Platforms.ActiveCfg = Release|Any CPU
		{B2791E21-560C-4EF3-8E1E-AE2E825AACF5}.AppStore|Mixed Platforms.Build.0 = Release|Any CPU
		{B2791E21-560C-4EF3-8E1E-AE2E825AACF5}.AppStore|x86.ActiveCfg = Release|Any CPU
		{B2791E21-560C-4EF3-8E1E-AE2E825AACF5}.Debug|Any CPU.ActiveCfg = Debug|Any CPU
		{B2791E21-560C-4EF3-8E1E-AE2E825AACF5}.Debug|Any CPU.Build.0 = Debug|Any CPU
		{B2791E21-560C-4EF3-8E1E-AE2E825AACF5}.Debug|ARM.ActiveCfg = Debug|Any CPU
		{B2791E21-560C-4EF3-8E1E-AE2E825AACF5}.Debug|iPhone.ActiveCfg = Debug|Any CPU
		{B2791E21-560C-4EF3-8E1E-AE2E825AACF5}.Debug|iPhoneSimulator.ActiveCfg = Debug|Any CPU
		{B2791E21-560C-4EF3-8E1E-AE2E825AACF5}.Debug|Mixed Platforms.ActiveCfg = Debug|Any CPU
		{B2791E21-560C-4EF3-8E1E-AE2E825AACF5}.Debug|Mixed Platforms.Build.0 = Debug|Any CPU
		{B2791E21-560C-4EF3-8E1E-AE2E825AACF5}.Debug|x86.ActiveCfg = Debug|Any CPU
		{B2791E21-560C-4EF3-8E1E-AE2E825AACF5}.Release|Any CPU.ActiveCfg = Release|Any CPU
		{B2791E21-560C-4EF3-8E1E-AE2E825AACF5}.Release|Any CPU.Build.0 = Release|Any CPU
		{B2791E21-560C-4EF3-8E1E-AE2E825AACF5}.Release|ARM.ActiveCfg = Release|Any CPU
		{B2791E21-560C-4EF3-8E1E-AE2E825AACF5}.Release|iPhone.ActiveCfg = Release|Any CPU
		{B2791E21-560C-4EF3-8E1E-AE2E825AACF5}.Release|iPhoneSimulator.ActiveCfg = Release|Any CPU
		{B2791E21-560C-4EF3-8E1E-AE2E825AACF5}.Release|Mixed Platforms.ActiveCfg = Release|Any CPU
		{B2791E21-560C-4EF3-8E1E-AE2E825AACF5}.Release|Mixed Platforms.Build.0 = Release|Any CPU
		{B2791E21-560C-4EF3-8E1E-AE2E825AACF5}.Release|x86.ActiveCfg = Release|Any CPU
		{CF3D7B68-F18A-49F5-90F2-94E3DC024808}.Ad-Hoc|Any CPU.ActiveCfg = Release|Any CPU
		{CF3D7B68-F18A-49F5-90F2-94E3DC024808}.Ad-Hoc|Any CPU.Build.0 = Release|Any CPU
		{CF3D7B68-F18A-49F5-90F2-94E3DC024808}.Ad-Hoc|Any CPU.Deploy.0 = Release|Any CPU
		{CF3D7B68-F18A-49F5-90F2-94E3DC024808}.Ad-Hoc|ARM.ActiveCfg = Release|ARM
		{CF3D7B68-F18A-49F5-90F2-94E3DC024808}.Ad-Hoc|ARM.Build.0 = Release|ARM
		{CF3D7B68-F18A-49F5-90F2-94E3DC024808}.Ad-Hoc|ARM.Deploy.0 = Release|ARM
		{CF3D7B68-F18A-49F5-90F2-94E3DC024808}.Ad-Hoc|iPhone.ActiveCfg = Release|Any CPU
		{CF3D7B68-F18A-49F5-90F2-94E3DC024808}.Ad-Hoc|iPhoneSimulator.ActiveCfg = Release|Any CPU
		{CF3D7B68-F18A-49F5-90F2-94E3DC024808}.Ad-Hoc|Mixed Platforms.ActiveCfg = Release|x86
		{CF3D7B68-F18A-49F5-90F2-94E3DC024808}.Ad-Hoc|Mixed Platforms.Build.0 = Release|x86
		{CF3D7B68-F18A-49F5-90F2-94E3DC024808}.Ad-Hoc|Mixed Platforms.Deploy.0 = Release|x86
		{CF3D7B68-F18A-49F5-90F2-94E3DC024808}.Ad-Hoc|x86.ActiveCfg = Release|x86
		{CF3D7B68-F18A-49F5-90F2-94E3DC024808}.Ad-Hoc|x86.Build.0 = Release|x86
		{CF3D7B68-F18A-49F5-90F2-94E3DC024808}.Ad-Hoc|x86.Deploy.0 = Release|x86
		{CF3D7B68-F18A-49F5-90F2-94E3DC024808}.AppStore|Any CPU.ActiveCfg = Release|Any CPU
		{CF3D7B68-F18A-49F5-90F2-94E3DC024808}.AppStore|Any CPU.Build.0 = Release|Any CPU
		{CF3D7B68-F18A-49F5-90F2-94E3DC024808}.AppStore|Any CPU.Deploy.0 = Release|Any CPU
		{CF3D7B68-F18A-49F5-90F2-94E3DC024808}.AppStore|ARM.ActiveCfg = Release|ARM
		{CF3D7B68-F18A-49F5-90F2-94E3DC024808}.AppStore|ARM.Build.0 = Release|ARM
		{CF3D7B68-F18A-49F5-90F2-94E3DC024808}.AppStore|ARM.Deploy.0 = Release|ARM
		{CF3D7B68-F18A-49F5-90F2-94E3DC024808}.AppStore|iPhone.ActiveCfg = Release|Any CPU
		{CF3D7B68-F18A-49F5-90F2-94E3DC024808}.AppStore|iPhoneSimulator.ActiveCfg = Release|Any CPU
		{CF3D7B68-F18A-49F5-90F2-94E3DC024808}.AppStore|Mixed Platforms.ActiveCfg = Release|x86
		{CF3D7B68-F18A-49F5-90F2-94E3DC024808}.AppStore|Mixed Platforms.Build.0 = Release|x86
		{CF3D7B68-F18A-49F5-90F2-94E3DC024808}.AppStore|Mixed Platforms.Deploy.0 = Release|x86
		{CF3D7B68-F18A-49F5-90F2-94E3DC024808}.AppStore|x86.ActiveCfg = Release|x86
		{CF3D7B68-F18A-49F5-90F2-94E3DC024808}.AppStore|x86.Build.0 = Release|x86
		{CF3D7B68-F18A-49F5-90F2-94E3DC024808}.AppStore|x86.Deploy.0 = Release|x86
		{CF3D7B68-F18A-49F5-90F2-94E3DC024808}.Debug|Any CPU.ActiveCfg = Debug|Any CPU
		{CF3D7B68-F18A-49F5-90F2-94E3DC024808}.Debug|Any CPU.Build.0 = Debug|Any CPU
		{CF3D7B68-F18A-49F5-90F2-94E3DC024808}.Debug|Any CPU.Deploy.0 = Debug|Any CPU
		{CF3D7B68-F18A-49F5-90F2-94E3DC024808}.Debug|ARM.ActiveCfg = Debug|ARM
		{CF3D7B68-F18A-49F5-90F2-94E3DC024808}.Debug|ARM.Build.0 = Debug|ARM
		{CF3D7B68-F18A-49F5-90F2-94E3DC024808}.Debug|ARM.Deploy.0 = Debug|ARM
		{CF3D7B68-F18A-49F5-90F2-94E3DC024808}.Debug|iPhone.ActiveCfg = Debug|Any CPU
		{CF3D7B68-F18A-49F5-90F2-94E3DC024808}.Debug|iPhoneSimulator.ActiveCfg = Debug|Any CPU
		{CF3D7B68-F18A-49F5-90F2-94E3DC024808}.Debug|Mixed Platforms.ActiveCfg = Debug|x86
		{CF3D7B68-F18A-49F5-90F2-94E3DC024808}.Debug|Mixed Platforms.Build.0 = Debug|x86
		{CF3D7B68-F18A-49F5-90F2-94E3DC024808}.Debug|Mixed Platforms.Deploy.0 = Debug|x86
		{CF3D7B68-F18A-49F5-90F2-94E3DC024808}.Debug|x86.ActiveCfg = Debug|x86
		{CF3D7B68-F18A-49F5-90F2-94E3DC024808}.Debug|x86.Build.0 = Debug|x86
		{CF3D7B68-F18A-49F5-90F2-94E3DC024808}.Debug|x86.Deploy.0 = Debug|x86
		{CF3D7B68-F18A-49F5-90F2-94E3DC024808}.Release|Any CPU.ActiveCfg = Release|Any CPU
		{CF3D7B68-F18A-49F5-90F2-94E3DC024808}.Release|Any CPU.Build.0 = Release|Any CPU
		{CF3D7B68-F18A-49F5-90F2-94E3DC024808}.Release|Any CPU.Deploy.0 = Release|Any CPU
		{CF3D7B68-F18A-49F5-90F2-94E3DC024808}.Release|ARM.ActiveCfg = Release|ARM
		{CF3D7B68-F18A-49F5-90F2-94E3DC024808}.Release|ARM.Build.0 = Release|ARM
		{CF3D7B68-F18A-49F5-90F2-94E3DC024808}.Release|ARM.Deploy.0 = Release|ARM
		{CF3D7B68-F18A-49F5-90F2-94E3DC024808}.Release|iPhone.ActiveCfg = Release|Any CPU
		{CF3D7B68-F18A-49F5-90F2-94E3DC024808}.Release|iPhoneSimulator.ActiveCfg = Release|Any CPU
		{CF3D7B68-F18A-49F5-90F2-94E3DC024808}.Release|Mixed Platforms.ActiveCfg = Release|x86
		{CF3D7B68-F18A-49F5-90F2-94E3DC024808}.Release|Mixed Platforms.Build.0 = Release|x86
		{CF3D7B68-F18A-49F5-90F2-94E3DC024808}.Release|Mixed Platforms.Deploy.0 = Release|x86
		{CF3D7B68-F18A-49F5-90F2-94E3DC024808}.Release|x86.ActiveCfg = Release|x86
		{CF3D7B68-F18A-49F5-90F2-94E3DC024808}.Release|x86.Build.0 = Release|x86
		{CF3D7B68-F18A-49F5-90F2-94E3DC024808}.Release|x86.Deploy.0 = Release|x86
		{746A8FAA-4823-4DB2-811A-0B30CDEBFFBD}.Ad-Hoc|Any CPU.ActiveCfg = Release|Any CPU
		{746A8FAA-4823-4DB2-811A-0B30CDEBFFBD}.Ad-Hoc|Any CPU.Build.0 = Release|Any CPU
		{746A8FAA-4823-4DB2-811A-0B30CDEBFFBD}.Ad-Hoc|ARM.ActiveCfg = Release|Any CPU
		{746A8FAA-4823-4DB2-811A-0B30CDEBFFBD}.Ad-Hoc|iPhone.ActiveCfg = Release|Any CPU
		{746A8FAA-4823-4DB2-811A-0B30CDEBFFBD}.Ad-Hoc|iPhoneSimulator.ActiveCfg = Release|Any CPU
		{746A8FAA-4823-4DB2-811A-0B30CDEBFFBD}.Ad-Hoc|Mixed Platforms.ActiveCfg = Release|Any CPU
		{746A8FAA-4823-4DB2-811A-0B30CDEBFFBD}.Ad-Hoc|Mixed Platforms.Build.0 = Release|Any CPU
		{746A8FAA-4823-4DB2-811A-0B30CDEBFFBD}.Ad-Hoc|x86.ActiveCfg = Release|Any CPU
		{746A8FAA-4823-4DB2-811A-0B30CDEBFFBD}.AppStore|Any CPU.ActiveCfg = Release|Any CPU
		{746A8FAA-4823-4DB2-811A-0B30CDEBFFBD}.AppStore|Any CPU.Build.0 = Release|Any CPU
		{746A8FAA-4823-4DB2-811A-0B30CDEBFFBD}.AppStore|ARM.ActiveCfg = Release|Any CPU
		{746A8FAA-4823-4DB2-811A-0B30CDEBFFBD}.AppStore|iPhone.ActiveCfg = Release|Any CPU
		{746A8FAA-4823-4DB2-811A-0B30CDEBFFBD}.AppStore|iPhoneSimulator.ActiveCfg = Release|Any CPU
		{746A8FAA-4823-4DB2-811A-0B30CDEBFFBD}.AppStore|Mixed Platforms.ActiveCfg = Release|Any CPU
		{746A8FAA-4823-4DB2-811A-0B30CDEBFFBD}.AppStore|Mixed Platforms.Build.0 = Release|Any CPU
		{746A8FAA-4823-4DB2-811A-0B30CDEBFFBD}.AppStore|x86.ActiveCfg = Release|Any CPU
		{746A8FAA-4823-4DB2-811A-0B30CDEBFFBD}.Debug|Any CPU.ActiveCfg = Debug|Any CPU
		{746A8FAA-4823-4DB2-811A-0B30CDEBFFBD}.Debug|Any CPU.Build.0 = Debug|Any CPU
		{746A8FAA-4823-4DB2-811A-0B30CDEBFFBD}.Debug|ARM.ActiveCfg = Debug|Any CPU
		{746A8FAA-4823-4DB2-811A-0B30CDEBFFBD}.Debug|iPhone.ActiveCfg = Debug|Any CPU
		{746A8FAA-4823-4DB2-811A-0B30CDEBFFBD}.Debug|iPhoneSimulator.ActiveCfg = Debug|Any CPU
		{746A8FAA-4823-4DB2-811A-0B30CDEBFFBD}.Debug|Mixed Platforms.ActiveCfg = Debug|Any CPU
		{746A8FAA-4823-4DB2-811A-0B30CDEBFFBD}.Debug|Mixed Platforms.Build.0 = Debug|Any CPU
		{746A8FAA-4823-4DB2-811A-0B30CDEBFFBD}.Debug|x86.ActiveCfg = Debug|Any CPU
		{746A8FAA-4823-4DB2-811A-0B30CDEBFFBD}.Release|Any CPU.ActiveCfg = Release|Any CPU
		{746A8FAA-4823-4DB2-811A-0B30CDEBFFBD}.Release|Any CPU.Build.0 = Release|Any CPU
		{746A8FAA-4823-4DB2-811A-0B30CDEBFFBD}.Release|ARM.ActiveCfg = Release|Any CPU
		{746A8FAA-4823-4DB2-811A-0B30CDEBFFBD}.Release|iPhone.ActiveCfg = Release|Any CPU
		{746A8FAA-4823-4DB2-811A-0B30CDEBFFBD}.Release|iPhoneSimulator.ActiveCfg = Release|Any CPU
		{746A8FAA-4823-4DB2-811A-0B30CDEBFFBD}.Release|Mixed Platforms.ActiveCfg = Release|Any CPU
		{746A8FAA-4823-4DB2-811A-0B30CDEBFFBD}.Release|Mixed Platforms.Build.0 = Release|Any CPU
		{746A8FAA-4823-4DB2-811A-0B30CDEBFFBD}.Release|x86.ActiveCfg = Release|Any CPU
	EndGlobalSection
	GlobalSection(SolutionProperties) = preSolution
		HideSolutionNode = FALSE
	EndGlobalSection
EndGlobal
